{
  "name": "share4tea",
  "version": "1.0.0",
  "lockfileVersion": 2,
  "requires": true,
  "packages": {
    "": {
      "name": "share4tea",
      "version": "1.0.0",
      "license": "ISC",
      "dependencies": {
        "adf-lee": "^1.0.11"
      }
    },
    "node_modules/adf-lee": {
      "version": "1.0.11",
      "resolved": "https://registry.npmjs.org/adf-lee/-/adf-lee-1.0.11.tgz",
      "integrity": "sha512-pcIyPK2RepcQZINx5PiR2aYn8a/rs569zw8eEBNcRnVVT+Bpy0fznujNwtfYqhkM3YBGl53iRxToZW9vt5sL5Q==",
      "dependencies": {
        "npm-test_mrlee": "^1.0.1",
        "xmlbuilder": "^15.1.1"
      }
    },
    "node_modules/npm-test_mrlee": {
      "version": "1.0.1",
      "resolved": "https://registry.npmjs.org/npm-test_mrlee/-/npm-test_mrlee-1.0.1.tgz",
      "integrity": "sha512-prYvnxqRqXFAzWC1Ii35e8hPwnViDC1QSoLWcANJiezoPVwGqlrjzvAf4pwg1uICFbNdU61UvIuKoCXT8dbp/w=="
    },
    "node_modules/xmlbuilder": {
      "version": "15.1.1",
      "resolved": "https://registry.npmjs.org/xmlbuilder/-/xmlbuilder-15.1.1.tgz",
      "integrity": "sha512-yMqGBqtXyeN1e3TGYvgNgDVZ3j84W4cwkOXQswghol6APgZWaff9lnbvN7MHYJOiXsvGPXtjTYJEiC9J2wv9Eg==",
      "engines": {
        "node": ">=8.0"
      }
    }
  },
  "dependencies": {
    "adf-lee": {
      "version": "1.0.11",
      "resolved": "https://registry.npmjs.org/adf-lee/-/adf-lee-1.0.11.tgz",
      "integrity": "sha512-pcIyPK2RepcQZINx5PiR2aYn8a/rs569zw8eEBNcRnVVT+Bpy0fznujNwtfYqhkM3YBGl53iRxToZW9vt5sL5Q==",
      "requires": {
        "npm-test_mrlee": "^1.0.1",
        "xmlbuilder": "^15.1.1"
      }
    },
    "npm-test_mrlee": {
      "version": "1.0.1",
      "resolved": "https://registry.npmjs.org/npm-test_mrlee/-/npm-test_mrlee-1.0.1.tgz",
      "integrity": "sha512-prYvnxqRqXFAzWC1Ii35e8hPwnViDC1QSoLWcANJiezoPVwGqlrjzvAf4pwg1uICFbNdU61UvIuKoCXT8dbp/w=="
    },
    "xmlbuilder": {
      "version": "15.1.1",
      "resolved": "https://registry.npmjs.org/xmlbuilder/-/xmlbuilder-15.1.1.tgz",
      "integrity": "sha512-yMqGBqtXyeN1e3TGYvgNgDVZ3j84W4cwkOXQswghol6APgZWaff9lnbvN7MHYJOiXsvGPXtjTYJEiC9J2wv9Eg=="
    }
  }
}
